{
  "name": ".",
  "lockfileVersion": 2,
  "requires": true,
  "packages": {
    "": {
      "name": ".",
      "dependencies": {
        "bootstrap": "^5.2.2",
        "livebud": "0.2.5",
        "svelte": "3.47.0"
      }
    },
    "node_modules/@popperjs/core": {
      "version": "2.11.6",
      "resolved": "https://registry.npmjs.org/@popperjs/core/-/core-2.11.6.tgz",
      "integrity": "sha512-50/17A98tWUfQ176raKiOGXuYpLyyVMkxxG6oylzL3BPOlA6ADGdK7EYunSa4I064xerltq9TGXs8HmOk5E+vw==",
      "peer": true,
      "funding": {
        "type": "opencollective",
        "url": "https://opencollective.com/popperjs"
      }
    },
    "node_modules/bootstrap": {
      "version": "5.2.2",
      "resolved": "https://registry.npmjs.org/bootstrap/-/bootstrap-5.2.2.tgz",
      "integrity": "sha512-dEtzMTV71n6Fhmbg4fYJzQsw1N29hJKO1js5ackCgIpDcGid2ETMGC6zwSYw09v05Y+oRdQ9loC54zB1La3hHQ==",
      "funding": [
        {
          "type": "github",
          "url": "https://github.com/sponsors/twbs"
        },
        {
          "type": "opencollective",
          "url": "https://opencollective.com/bootstrap"
        }
      ],
      "peerDependencies": {
        "@popperjs/core": "^2.11.6"
      }
    },
    "node_modules/js-tokens": {
      "version": "4.0.0",
      "resolved": "https://registry.npmjs.org/js-tokens/-/js-tokens-4.0.0.tgz",
      "integrity": "sha512-RdJUflcE3cUzKiMqQgsCu06FPu9UdIJO0beYbPhHN4k6apgJtifcoCtT9bcxOpYBtpD2kCM6Sbzg4CausW/PKQ=="
    },
    "node_modules/livebud": {
      "version": "0.2.5",
      "resolved": "https://registry.npmjs.org/livebud/-/livebud-0.2.5.tgz",
      "integrity": "sha512-/InD+D3UZoMux1vu3gOF+HuNarqMfjM1BfVOjwdFSzHoVqMgrq7Jnmvsrr99WHutDhAKmO37eNZvdpQqp3NuMA==",
      "dependencies": {
        "react": "18.0.0",
        "react-dom": "18.0.0",
        "svelte": "3.47.0"
      }
    },
    "node_modules/loose-envify": {
      "version": "1.4.0",
      "resolved": "https://registry.npmjs.org/loose-envify/-/loose-envify-1.4.0.tgz",
      "integrity": "sha512-lyuxPGr/Wfhrlem2CL/UcnUc1zcqKAImBDzukY7Y5F/yQiNdko6+fRLevlw1HgMySw7f611UIY408EtxRSoK3Q==",
      "dependencies": {
        "js-tokens": "^3.0.0 || ^4.0.0"
      },
      "bin": {
        "loose-envify": "cli.js"
      }
    },
    "node_modules/react": {
      "version": "18.0.0",
      "resolved": "https://registry.npmjs.org/react/-/react-18.0.0.tgz",
      "integrity": "sha512-x+VL6wbT4JRVPm7EGxXhZ8w8LTROaxPXOqhlGyVSrv0sB1jkyFGgXxJ8LVoPRLvPR6/CIZGFmfzqUa2NYeMr2A==",
      "dependencies": {
        "loose-envify": "^1.1.0"
      },
      "engines": {
        "node": ">=0.10.0"
      }
    },
    "node_modules/react-dom": {
      "version": "18.0.0",
      "resolved": "https://registry.npmjs.org/react-dom/-/react-dom-18.0.0.tgz",
      "integrity": "sha512-XqX7uzmFo0pUceWFCt7Gff6IyIMzFUn7QMZrbrQfGxtaxXZIcGQzoNpRLE3fQLnS4XzLLPMZX2T9TRcSrasicw==",
      "dependencies": {
        "loose-envify": "^1.1.0",
        "scheduler": "^0.21.0"
      },
      "peerDependencies": {
        "react": "^18.0.0"
      }
    },
    "node_modules/scheduler": {
      "version": "0.21.0",
      "resolved": "https://registry.npmjs.org/scheduler/-/scheduler-0.21.0.tgz",
      "integrity": "sha512-1r87x5fz9MXqswA2ERLo0EbOAU74DpIUO090gIasYTqlVoJeMcl+Z1Rg7WHz+qtPujhS/hGIt9kxZOYBV3faRQ==",
      "dependencies": {
        "loose-envify": "^1.1.0"
      }
    },
    "node_modules/svelte": {
      "version": "3.47.0",
      "resolved": "https://registry.npmjs.org/svelte/-/svelte-3.47.0.tgz",
      "integrity": "sha512-4JaJp3HEoTCGARRWZQIZDUanhYv0iyoHikklVHVLH9xFE9db22g4TDv7CPeNA8HD1JgjXI1vlhR1JZvvhaTu2Q==",
      "engines": {
        "node": ">= 8"
      }
    }
  },
  "dependencies": {
    "@popperjs/core": {
      "version": "2.11.6",
      "resolved": "https://registry.npmjs.org/@popperjs/core/-/core-2.11.6.tgz",
      "integrity": "sha512-50/17A98tWUfQ176raKiOGXuYpLyyVMkxxG6oylzL3BPOlA6ADGdK7EYunSa4I064xerltq9TGXs8HmOk5E+vw==",
      "peer": true
    },
    "bootstrap": {
      "version": "5.2.2",
      "resolved": "https://registry.npmjs.org/bootstrap/-/bootstrap-5.2.2.tgz",
      "integrity": "sha512-dEtzMTV71n6Fhmbg4fYJzQsw1N29hJKO1js5ackCgIpDcGid2ETMGC6zwSYw09v05Y+oRdQ9loC54zB1La3hHQ==",
      "requires": {}
    },
    "js-tokens": {
      "version": "4.0.0",
      "resolved": "https://registry.npmjs.org/js-tokens/-/js-tokens-4.0.0.tgz",
      "integrity": "sha512-RdJUflcE3cUzKiMqQgsCu06FPu9UdIJO0beYbPhHN4k6apgJtifcoCtT9bcxOpYBtpD2kCM6Sbzg4CausW/PKQ=="
    },
    "livebud": {
      "version": "0.2.5",
      "resolved": "https://registry.npmjs.org/livebud/-/livebud-0.2.5.tgz",
      "integrity": "sha512-/InD+D3UZoMux1vu3gOF+HuNarqMfjM1BfVOjwdFSzHoVqMgrq7Jnmvsrr99WHutDhAKmO37eNZvdpQqp3NuMA==",
      "requires": {
        "react": "18.0.0",
        "react-dom": "18.0.0",
        "svelte": "3.47.0"
      }
    },
    "loose-envify": {
      "version": "1.4.0",
      "resolved": "https://registry.npmjs.org/loose-envify/-/loose-envify-1.4.0.tgz",
      "integrity": "sha512-lyuxPGr/Wfhrlem2CL/UcnUc1zcqKAImBDzukY7Y5F/yQiNdko6+fRLevlw1HgMySw7f611UIY408EtxRSoK3Q==",
      "requires": {
        "js-tokens": "^3.0.0 || ^4.0.0"
      }
    },
    "react": {
      "version": "18.0.0",
      "resolved": "https://registry.npmjs.org/react/-/react-18.0.0.tgz",
      "integrity": "sha512-x+VL6wbT4JRVPm7EGxXhZ8w8LTROaxPXOqhlGyVSrv0sB1jkyFGgXxJ8LVoPRLvPR6/CIZGFmfzqUa2NYeMr2A==",
      "requires": {
        "loose-envify": "^1.1.0"
      }
    },
    "react-dom": {
      "version": "18.0.0",
      "resolved": "https://registry.npmjs.org/react-dom/-/react-dom-18.0.0.tgz",
      "integrity": "sha512-XqX7uzmFo0pUceWFCt7Gff6IyIMzFUn7QMZrbrQfGxtaxXZIcGQzoNpRLE3fQLnS4XzLLPMZX2T9TRcSrasicw==",
      "requires": {
        "loose-envify": "^1.1.0",
        "scheduler": "^0.21.0"
      }
    },
    "scheduler": {
      "version": "0.21.0",
      "resolved": "https://registry.npmjs.org/scheduler/-/scheduler-0.21.0.tgz",
      "integrity": "sha512-1r87x5fz9MXqswA2ERLo0EbOAU74DpIUO090gIasYTqlVoJeMcl+Z1Rg7WHz+qtPujhS/hGIt9kxZOYBV3faRQ==",
      "requires": {
        "loose-envify": "^1.1.0"
      }
    },
    "svelte": {
      "version": "3.47.0",
      "resolved": "https://registry.npmjs.org/svelte/-/svelte-3.47.0.tgz",
      "integrity": "sha512-4JaJp3HEoTCGARRWZQIZDUanhYv0iyoHikklVHVLH9xFE9db22g4TDv7CPeNA8HD1JgjXI1vlhR1JZvvhaTu2Q=="
    }
  }
}
